{
  "requires": true,
  "lockfileVersion": 1,
  "dependencies": {
    "@oracle/oraclejet-templates": {
      "version": "5.0.1",
      "resolved": "https://registry.npmjs.org/@oracle/oraclejet-templates/-/oraclejet-templates-5.0.1.tgz",
      "integrity": "sha1-VMwt2Y2UcRFbvXcj1L4KTfCbGGc="
    }
  }
}
